// !$*UTF8*$!
{
	archiveVersion = 1;
	classes = {
	};
	objectVersion = 46;
	objects = {

/* Begin PBXBuildFile section */
		4A8DFBB5C60564452D100E57 /* Pods_PharmaSupplyChain.framework in Frameworks */ = {isa = PBXBuildFile; fileRef = E6B86329A7363CC7A46CF9D6 /* Pods_PharmaSupplyChain.framework */; settings = {ATTRIBUTES = (Required, ); }; };
		AA6BF04AC8BF8041B54418DE /* Pods_PharmaSupplyChainTests.framework in Frameworks */ = {isa = PBXBuildFile; fileRef = 4E451B3924BFC50E879F4C34 /* Pods_PharmaSupplyChainTests.framework */; };
		D212D9DF1DEB3BCD0075C54E /* CodeScannerViewController.swift in Sources */ = {isa = PBXBuildFile; fileRef = D212D9DE1DEB3BCD0075C54E /* CodeScannerViewController.swift */; };
		D22109631E3394240018F181 /* ModumSensor.swift in Sources */ = {isa = PBXBuildFile; fileRef = D22109621E3394240018F181 /* ModumSensor.swift */; };
		D22109651E3397330018F181 /* Sequence+Extension.swift in Sources */ = {isa = PBXBuildFile; fileRef = D22109641E3397330018F181 /* Sequence+Extension.swift */; };
		D22376481DD0B02C00877A6D /* String+Extension.swift in Sources */ = {isa = PBXBuildFile; fileRef = D22376471DD0B02C00877A6D /* String+Extension.swift */; };
		D25F4DFB1DD7DC8F00811080 /* ParcelDetailTableViewController.swift in Sources */ = {isa = PBXBuildFile; fileRef = D25F4DFA1DD7DC8F00811080 /* ParcelDetailTableViewController.swift */; };
		D26012D81E38FB320093EACC /* Date+Extension.swift in Sources */ = {isa = PBXBuildFile; fileRef = D26012D71E38FB320093EACC /* Date+Extension.swift */; };
		D26012DB1E3A2AC20093EACC /* TemperatureMeasurement.swift in Sources */ = {isa = PBXBuildFile; fileRef = D26012DA1E3A2AC20093EACC /* TemperatureMeasurement.swift */; };
		D27786CF1DC2499F007D3FB5 /* LoginViewController.swift in Sources */ = {isa = PBXBuildFile; fileRef = D27786CE1DC2499F007D3FB5 /* LoginViewController.swift */; };
		D27786D11DC24AD9007D3FB5 /* ServerEnabledController.swift in Sources */ = {isa = PBXBuildFile; fileRef = D27786D01DC24AD9007D3FB5 /* ServerEnabledController.swift */; };
		D27786D31DC24B4C007D3FB5 /* CoreDataEnabledController.swift in Sources */ = {isa = PBXBuildFile; fileRef = D27786D21DC24B4C007D3FB5 /* CoreDataEnabledController.swift */; };
		D27786D51DC25204007D3FB5 /* ParcelsTableViewController.swift in Sources */ = {isa = PBXBuildFile; fileRef = D27786D41DC25204007D3FB5 /* ParcelsTableViewController.swift */; };
		D27786D91DC2529A007D3FB5 /* ParcelTableViewCell.swift in Sources */ = {isa = PBXBuildFile; fileRef = D27786D81DC2529A007D3FB5 /* ParcelTableViewCell.swift */; };
		D27786DB1DC259FC007D3FB5 /* AuthenticationError.swift in Sources */ = {isa = PBXBuildFile; fileRef = D27786DA1DC259FC007D3FB5 /* AuthenticationError.swift */; };
		D27786E01DC283B5007D3FB5 /* ServerUtils.swift in Sources */ = {isa = PBXBuildFile; fileRef = D27786DF1DC283B5007D3FB5 /* ServerUtils.swift */; };
		D2848A8E1DD7517300BE2D95 /* Test2.sqlite in Resources */ = {isa = PBXBuildFile; fileRef = D2848A8D1DD7517300BE2D95 /* Test2.sqlite */; };
		D2848A901DD755A600BE2D95 /* TestEntity+CoreDataClass.swift in Sources */ = {isa = PBXBuildFile; fileRef = D2848A8F1DD755A600BE2D95 /* TestEntity+CoreDataClass.swift */; };
		D2848A921DD755B200BE2D95 /* TestEntity+CoreDataProperties.swift in Sources */ = {isa = PBXBuildFile; fileRef = D2848A911DD755B200BE2D95 /* TestEntity+CoreDataProperties.swift */; };
		D28FD59C1DBF83310077579A /* Utils.swift in Sources */ = {isa = PBXBuildFile; fileRef = D28FD59B1DBF83310077579A /* Utils.swift */; };
		D28FD59E1DBF87190077579A /* LoginCredentials.swift in Sources */ = {isa = PBXBuildFile; fileRef = D28FD59D1DBF87190077579A /* LoginCredentials.swift */; };
		D28FD5A21DBF87B60077579A /* JSONSerializable.swift in Sources */ = {isa = PBXBuildFile; fileRef = D28FD5A11DBF87B60077579A /* JSONSerializable.swift */; };
		D2B5E8441E4775A30035EB31 /* UIAlertController+Extension.swift in Sources */ = {isa = PBXBuildFile; fileRef = D2B5E8431E4775A30035EB31 /* UIAlertController+Extension.swift */; };
		D2BA8DDF1DBF3B320023F581 /* AppDelegate.swift in Sources */ = {isa = PBXBuildFile; fileRef = D2BA8DDE1DBF3B320023F581 /* AppDelegate.swift */; };
		D2BA8DE41DBF3B320023F581 /* Main.storyboard in Resources */ = {isa = PBXBuildFile; fileRef = D2BA8DE21DBF3B320023F581 /* Main.storyboard */; };
		D2BA8DE91DBF3B320023F581 /* Assets.xcassets in Resources */ = {isa = PBXBuildFile; fileRef = D2BA8DE81DBF3B320023F581 /* Assets.xcassets */; };
		D2BA8DEC1DBF3B320023F581 /* LaunchScreen.storyboard in Resources */ = {isa = PBXBuildFile; fileRef = D2BA8DEA1DBF3B320023F581 /* LaunchScreen.storyboard */; };
		D2BA8DF71DBF3B320023F581 /* PharmaSupplyChainTests.swift in Sources */ = {isa = PBXBuildFile; fileRef = D2BA8DF61DBF3B320023F581 /* PharmaSupplyChainTests.swift */; };
		D2BCD5E51E24DB75009D2197 /* BluetoothManager.swift in Sources */ = {isa = PBXBuildFile; fileRef = D2BCD5E41E24DB75009D2197 /* BluetoothManager.swift */; };
		D2DDC9FE1DFEE7040057686D /* SensorConnectViewController.swift in Sources */ = {isa = PBXBuildFile; fileRef = D2DDC9FD1DFEE7040057686D /* SensorConnectViewController.swift */; };
		D2E1EED81DD2577100B26463 /* PharmaSupplyChainDataModel.xcdatamodeld in Sources */ = {isa = PBXBuildFile; fileRef = D2E1EED61DD2577100B26463 /* PharmaSupplyChainDataModel.xcdatamodeld */; };
		D2E1EEDA1DD2581500B26463 /* Parcel+CoreDataClass.swift in Sources */ = {isa = PBXBuildFile; fileRef = D2E1EED91DD2581500B26463 /* Parcel+CoreDataClass.swift */; };
		D2E1EEDC1DD2584B00B26463 /* Parcel+CoreDataProperties.swift in Sources */ = {isa = PBXBuildFile; fileRef = D2E1EEDB1DD2584B00B26463 /* Parcel+CoreDataProperties.swift */; };
		D2E6DEF81DD2466D00431AA1 /* CoreDataManager.swift in Sources */ = {isa = PBXBuildFile; fileRef = D2E6DEF71DD2466D00431AA1 /* CoreDataManager.swift */; };
		D2E6DEFB1DD2477900431AA1 /* UniqueManagedObject.swift in Sources */ = {isa = PBXBuildFile; fileRef = D2E6DEFA1DD2477900431AA1 /* UniqueManagedObject.swift */; };
		D2E6DF001DD2480100431AA1 /* CoreDataManagerTests.swift in Sources */ = {isa = PBXBuildFile; fileRef = D2E6DEFF1DD2480100431AA1 /* CoreDataManagerTests.swift */; };
		D2E6DF0C1DD253A000431AA1 /* NSManagedObjectContext+Extension.swift in Sources */ = {isa = PBXBuildFile; fileRef = D2E6DF0B1DD253A000431AA1 /* NSManagedObjectContext+Extension.swift */; };
		D2EFD2271DD2A81400E02684 /* GoogleService-Info.plist in Resources */ = {isa = PBXBuildFile; fileRef = D2E1EEDF1DD29C6300B26463 /* GoogleService-Info.plist */; };
		D2F126DF1DBF78AF00964B7D /* ServerManager.swift in Sources */ = {isa = PBXBuildFile; fileRef = D2F126DE1DBF78AF00964B7D /* ServerManager.swift */; };
/* End PBXBuildFile section */

/* Begin PBXContainerItemProxy section */
		D2BA8DF31DBF3B320023F581 /* PBXContainerItemProxy */ = {
			isa = PBXContainerItemProxy;
			containerPortal = D2BA8DD31DBF3B320023F581 /* Project object */;
			proxyType = 1;
			remoteGlobalIDString = D2BA8DDA1DBF3B320023F581;
			remoteInfo = PharmaSupplyChain;
		};
/* End PBXContainerItemProxy section */

/* Begin PBXFileReference section */
		45FD987DACF708B5A415DD50 /* Pods-PharmaSupplyChain.release.xcconfig */ = {isa = PBXFileReference; includeInIndex = 1; lastKnownFileType = text.xcconfig; name = "Pods-PharmaSupplyChain.release.xcconfig"; path = "Pods/Target Support Files/Pods-PharmaSupplyChain/Pods-PharmaSupplyChain.release.xcconfig"; sourceTree = "<group>"; };
		4E451B3924BFC50E879F4C34 /* Pods_PharmaSupplyChainTests.framework */ = {isa = PBXFileReference; explicitFileType = wrapper.framework; includeInIndex = 0; path = Pods_PharmaSupplyChainTests.framework; sourceTree = BUILT_PRODUCTS_DIR; };
		5A0D2782D1AAC38AD4D6560D /* Pods-PharmaSupplyChainTests.debug.xcconfig */ = {isa = PBXFileReference; includeInIndex = 1; lastKnownFileType = text.xcconfig; name = "Pods-PharmaSupplyChainTests.debug.xcconfig"; path = "Pods/Target Support Files/Pods-PharmaSupplyChainTests/Pods-PharmaSupplyChainTests.debug.xcconfig"; sourceTree = "<group>"; };
		7410104D999D1176E158685C /* Pods-PharmaSupplyChain.debug.xcconfig */ = {isa = PBXFileReference; includeInIndex = 1; lastKnownFileType = text.xcconfig; name = "Pods-PharmaSupplyChain.debug.xcconfig"; path = "Pods/Target Support Files/Pods-PharmaSupplyChain/Pods-PharmaSupplyChain.debug.xcconfig"; sourceTree = "<group>"; };
		D212D9DE1DEB3BCD0075C54E /* CodeScannerViewController.swift */ = {isa = PBXFileReference; fileEncoding = 4; lastKnownFileType = sourcecode.swift; path = CodeScannerViewController.swift; sourceTree = "<group>"; };
		D22109621E3394240018F181 /* ModumSensor.swift */ = {isa = PBXFileReference; fileEncoding = 4; lastKnownFileType = sourcecode.swift; path = ModumSensor.swift; sourceTree = "<group>"; };
		D22109641E3397330018F181 /* Sequence+Extension.swift */ = {isa = PBXFileReference; fileEncoding = 4; lastKnownFileType = sourcecode.swift; path = "Sequence+Extension.swift"; sourceTree = "<group>"; };
		D22376471DD0B02C00877A6D /* String+Extension.swift */ = {isa = PBXFileReference; fileEncoding = 4; lastKnownFileType = sourcecode.swift; path = "String+Extension.swift"; sourceTree = "<group>"; };
		D25F4DFA1DD7DC8F00811080 /* ParcelDetailTableViewController.swift */ = {isa = PBXFileReference; fileEncoding = 4; lastKnownFileType = sourcecode.swift; path = ParcelDetailTableViewController.swift; sourceTree = "<group>"; };
		D26012D71E38FB320093EACC /* Date+Extension.swift */ = {isa = PBXFileReference; fileEncoding = 4; lastKnownFileType = sourcecode.swift; path = "Date+Extension.swift"; sourceTree = "<group>"; };
		D26012DA1E3A2AC20093EACC /* TemperatureMeasurement.swift */ = {isa = PBXFileReference; fileEncoding = 4; lastKnownFileType = sourcecode.swift; path = TemperatureMeasurement.swift; sourceTree = "<group>"; };
		D27786CE1DC2499F007D3FB5 /* LoginViewController.swift */ = {isa = PBXFileReference; fileEncoding = 4; lastKnownFileType = sourcecode.swift; path = LoginViewController.swift; sourceTree = "<group>"; };
		D27786D01DC24AD9007D3FB5 /* ServerEnabledController.swift */ = {isa = PBXFileReference; fileEncoding = 4; lastKnownFileType = sourcecode.swift; path = ServerEnabledController.swift; sourceTree = "<group>"; };
		D27786D21DC24B4C007D3FB5 /* CoreDataEnabledController.swift */ = {isa = PBXFileReference; fileEncoding = 4; lastKnownFileType = sourcecode.swift; path = CoreDataEnabledController.swift; sourceTree = "<group>"; };
		D27786D41DC25204007D3FB5 /* ParcelsTableViewController.swift */ = {isa = PBXFileReference; fileEncoding = 4; lastKnownFileType = sourcecode.swift; path = ParcelsTableViewController.swift; sourceTree = "<group>"; };
		D27786D81DC2529A007D3FB5 /* ParcelTableViewCell.swift */ = {isa = PBXFileReference; fileEncoding = 4; lastKnownFileType = sourcecode.swift; path = ParcelTableViewCell.swift; sourceTree = "<group>"; };
		D27786DA1DC259FC007D3FB5 /* AuthenticationError.swift */ = {isa = PBXFileReference; fileEncoding = 4; lastKnownFileType = sourcecode.swift; path = AuthenticationError.swift; sourceTree = "<group>"; };
		D27786DF1DC283B5007D3FB5 /* ServerUtils.swift */ = {isa = PBXFileReference; fileEncoding = 4; lastKnownFileType = sourcecode.swift; path = ServerUtils.swift; sourceTree = "<group>"; };
		D2848A8D1DD7517300BE2D95 /* Test2.sqlite */ = {isa = PBXFileReference; fileEncoding = 4; lastKnownFileType = text; path = Test2.sqlite; sourceTree = "<group>"; };
		D2848A8F1DD755A600BE2D95 /* TestEntity+CoreDataClass.swift */ = {isa = PBXFileReference; fileEncoding = 4; lastKnownFileType = sourcecode.swift; path = "TestEntity+CoreDataClass.swift"; sourceTree = "<group>"; };
		D2848A911DD755B200BE2D95 /* TestEntity+CoreDataProperties.swift */ = {isa = PBXFileReference; fileEncoding = 4; lastKnownFileType = sourcecode.swift; path = "TestEntity+CoreDataProperties.swift"; sourceTree = "<group>"; };
		D28FD59B1DBF83310077579A /* Utils.swift */ = {isa = PBXFileReference; fileEncoding = 4; lastKnownFileType = sourcecode.swift; path = Utils.swift; sourceTree = "<group>"; };
		D28FD59D1DBF87190077579A /* LoginCredentials.swift */ = {isa = PBXFileReference; fileEncoding = 4; lastKnownFileType = sourcecode.swift; path = LoginCredentials.swift; sourceTree = "<group>"; };
		D28FD5A11DBF87B60077579A /* JSONSerializable.swift */ = {isa = PBXFileReference; fileEncoding = 4; lastKnownFileType = sourcecode.swift; path = JSONSerializable.swift; sourceTree = "<group>"; };
		D2B5E8431E4775A30035EB31 /* UIAlertController+Extension.swift */ = {isa = PBXFileReference; fileEncoding = 4; lastKnownFileType = sourcecode.swift; path = "UIAlertController+Extension.swift"; sourceTree = "<group>"; };
		D2BA8DDB1DBF3B320023F581 /* PharmaSupplyChain.app */ = {isa = PBXFileReference; explicitFileType = wrapper.application; includeInIndex = 0; path = PharmaSupplyChain.app; sourceTree = BUILT_PRODUCTS_DIR; };
		D2BA8DDE1DBF3B320023F581 /* AppDelegate.swift */ = {isa = PBXFileReference; lastKnownFileType = sourcecode.swift; path = AppDelegate.swift; sourceTree = "<group>"; };
		D2BA8DE31DBF3B320023F581 /* Base */ = {isa = PBXFileReference; lastKnownFileType = file.storyboard; name = Base; path = Base.lproj/Main.storyboard; sourceTree = "<group>"; };
		D2BA8DE81DBF3B320023F581 /* Assets.xcassets */ = {isa = PBXFileReference; lastKnownFileType = folder.assetcatalog; path = Assets.xcassets; sourceTree = "<group>"; };
		D2BA8DEB1DBF3B320023F581 /* Base */ = {isa = PBXFileReference; lastKnownFileType = file.storyboard; name = Base; path = Base.lproj/LaunchScreen.storyboard; sourceTree = "<group>"; };
		D2BA8DED1DBF3B320023F581 /* Info.plist */ = {isa = PBXFileReference; lastKnownFileType = text.plist.xml; path = Info.plist; sourceTree = "<group>"; };
		D2BA8DF21DBF3B320023F581 /* PharmaSupplyChainTests.xctest */ = {isa = PBXFileReference; explicitFileType = wrapper.cfbundle; includeInIndex = 0; path = PharmaSupplyChainTests.xctest; sourceTree = BUILT_PRODUCTS_DIR; };
		D2BA8DF61DBF3B320023F581 /* PharmaSupplyChainTests.swift */ = {isa = PBXFileReference; lastKnownFileType = sourcecode.swift; path = PharmaSupplyChainTests.swift; sourceTree = "<group>"; };
		D2BA8DF81DBF3B320023F581 /* Info.plist */ = {isa = PBXFileReference; lastKnownFileType = text.plist.xml; path = Info.plist; sourceTree = "<group>"; };
		D2BCD5E21E24490B009D2197 /* SwiftyJSON */ = {isa = PBXFileReference; lastKnownFileType = folder; name = SwiftyJSON; path = Pods/SwiftyJSON; sourceTree = "<group>"; };
		D2BCD5E41E24DB75009D2197 /* BluetoothManager.swift */ = {isa = PBXFileReference; fileEncoding = 4; lastKnownFileType = sourcecode.swift; path = BluetoothManager.swift; sourceTree = "<group>"; };
		D2DDC9FD1DFEE7040057686D /* SensorConnectViewController.swift */ = {isa = PBXFileReference; fileEncoding = 4; lastKnownFileType = sourcecode.swift; path = SensorConnectViewController.swift; sourceTree = "<group>"; };
		D2E1EED71DD2577100B26463 /* PharmaSupplyChainDataModel.xcdatamodel */ = {isa = PBXFileReference; lastKnownFileType = wrapper.xcdatamodel; path = PharmaSupplyChainDataModel.xcdatamodel; sourceTree = "<group>"; };
		D2E1EED91DD2581500B26463 /* Parcel+CoreDataClass.swift */ = {isa = PBXFileReference; fileEncoding = 4; lastKnownFileType = sourcecode.swift; path = "Parcel+CoreDataClass.swift"; sourceTree = "<group>"; };
		D2E1EEDB1DD2584B00B26463 /* Parcel+CoreDataProperties.swift */ = {isa = PBXFileReference; fileEncoding = 4; lastKnownFileType = sourcecode.swift; path = "Parcel+CoreDataProperties.swift"; sourceTree = "<group>"; };
		D2E1EEDD1DD28D5B00B26463 /* Date+Extension.swift */ = {isa = PBXFileReference; fileEncoding = 4; lastKnownFileType = sourcecode.swift; path = "Date+Extension.swift"; sourceTree = "<group>"; };
		D2E1EEDF1DD29C6300B26463 /* GoogleService-Info.plist */ = {isa = PBXFileReference; fileEncoding = 4; lastKnownFileType = text.plist.xml; path = "GoogleService-Info.plist"; sourceTree = "<group>"; };
		D2E6DEF71DD2466D00431AA1 /* CoreDataManager.swift */ = {isa = PBXFileReference; fileEncoding = 4; lastKnownFileType = sourcecode.swift; path = CoreDataManager.swift; sourceTree = "<group>"; };
		D2E6DEFA1DD2477900431AA1 /* UniqueManagedObject.swift */ = {isa = PBXFileReference; fileEncoding = 4; lastKnownFileType = sourcecode.swift; path = UniqueManagedObject.swift; sourceTree = "<group>"; };
		D2E6DEFF1DD2480100431AA1 /* CoreDataManagerTests.swift */ = {isa = PBXFileReference; fileEncoding = 4; lastKnownFileType = sourcecode.swift; path = CoreDataManagerTests.swift; sourceTree = "<group>"; };
		D2E6DF0B1DD253A000431AA1 /* NSManagedObjectContext+Extension.swift */ = {isa = PBXFileReference; fileEncoding = 4; lastKnownFileType = sourcecode.swift; path = "NSManagedObjectContext+Extension.swift"; sourceTree = "<group>"; };
		D2F126DE1DBF78AF00964B7D /* ServerManager.swift */ = {isa = PBXFileReference; fileEncoding = 4; lastKnownFileType = sourcecode.swift; path = ServerManager.swift; sourceTree = "<group>"; };
		D6934B7AFD929DDAC4C1BC93 /* Pods-PharmaSupplyChainTests.release.xcconfig */ = {isa = PBXFileReference; includeInIndex = 1; lastKnownFileType = text.xcconfig; name = "Pods-PharmaSupplyChainTests.release.xcconfig"; path = "Pods/Target Support Files/Pods-PharmaSupplyChainTests/Pods-PharmaSupplyChainTests.release.xcconfig"; sourceTree = "<group>"; };
		E6B86329A7363CC7A46CF9D6 /* Pods_PharmaSupplyChain.framework */ = {isa = PBXFileReference; explicitFileType = wrapper.framework; includeInIndex = 0; path = Pods_PharmaSupplyChain.framework; sourceTree = BUILT_PRODUCTS_DIR; };
/* End PBXFileReference section */

/* Begin PBXFrameworksBuildPhase section */
		D2BA8DD81DBF3B320023F581 /* Frameworks */ = {
			isa = PBXFrameworksBuildPhase;
			buildActionMask = 2147483647;
			files = (
				4A8DFBB5C60564452D100E57 /* Pods_PharmaSupplyChain.framework in Frameworks */,
			);
			runOnlyForDeploymentPostprocessing = 0;
		};
		D2BA8DEF1DBF3B320023F581 /* Frameworks */ = {
			isa = PBXFrameworksBuildPhase;
			buildActionMask = 2147483647;
			files = (
				AA6BF04AC8BF8041B54418DE /* Pods_PharmaSupplyChainTests.framework in Frameworks */,
			);
			runOnlyForDeploymentPostprocessing = 0;
		};
/* End PBXFrameworksBuildPhase section */

/* Begin PBXGroup section */
		52F625D25F2DDC916711151D /* Frameworks */ = {
			isa = PBXGroup;
			children = (
				D2BCD5E21E24490B009D2197 /* SwiftyJSON */,
				E6B86329A7363CC7A46CF9D6 /* Pods_PharmaSupplyChain.framework */,
				4E451B3924BFC50E879F4C34 /* Pods_PharmaSupplyChainTests.framework */,
			);
			name = Frameworks;
			sourceTree = "<group>";
		};
		70B3F0934285FB4DC1C72DC5 /* Pods */ = {
			isa = PBXGroup;
			children = (
				7410104D999D1176E158685C /* Pods-PharmaSupplyChain.debug.xcconfig */,
				45FD987DACF708B5A415DD50 /* Pods-PharmaSupplyChain.release.xcconfig */,
				5A0D2782D1AAC38AD4D6560D /* Pods-PharmaSupplyChainTests.debug.xcconfig */,
				D6934B7AFD929DDAC4C1BC93 /* Pods-PharmaSupplyChainTests.release.xcconfig */,
			);
			name = Pods;
			sourceTree = "<group>";
		};
		D22376461DD0B01B00877A6D /* Extensions */ = {
			isa = PBXGroup;
			children = (
				D22376471DD0B02C00877A6D /* String+Extension.swift */,
				D2E6DF0B1DD253A000431AA1 /* NSManagedObjectContext+Extension.swift */,
				D22109641E3397330018F181 /* Sequence+Extension.swift */,
				D26012D71E38FB320093EACC /* Date+Extension.swift */,
				D2B5E8431E4775A30035EB31 /* UIAlertController+Extension.swift */,
			);
			name = Extensions;
			sourceTree = "<group>";
		};
		D27786D61DC2520F007D3FB5 /* ViewControllers */ = {
			isa = PBXGroup;
			children = (
				D212D9DE1DEB3BCD0075C54E /* CodeScannerViewController.swift */,
				D2DDC9FD1DFEE7040057686D /* SensorConnectViewController.swift */,
				D27786CE1DC2499F007D3FB5 /* LoginViewController.swift */,
				D27786D41DC25204007D3FB5 /* ParcelsTableViewController.swift */,
				D27786D81DC2529A007D3FB5 /* ParcelTableViewCell.swift */,
				D25F4DFA1DD7DC8F00811080 /* ParcelDetailTableViewController.swift */,
			);
			name = ViewControllers;
			sourceTree = "<group>";
		};
		D28FD5A01DBF87A50077579A /* Protocols */ = {
			isa = PBXGroup;
			children = (
				D2E1EEDD1DD28D5B00B26463 /* Date+Extension.swift */,
				D28FD5A11DBF87B60077579A /* JSONSerializable.swift */,
				D27786D01DC24AD9007D3FB5 /* ServerEnabledController.swift */,
				D27786D21DC24B4C007D3FB5 /* CoreDataEnabledController.swift */,
			);
			name = Protocols;
			sourceTree = "<group>";
		};
		D2BA8DD21DBF3B320023F581 = {
			isa = PBXGroup;
			children = (
				D2E1EEDF1DD29C6300B26463 /* GoogleService-Info.plist */,
				D2BA8DDD1DBF3B320023F581 /* PharmaSupplyChain */,
				D2BA8DF51DBF3B320023F581 /* PharmaSupplyChainTests */,
				D2BA8DDC1DBF3B320023F581 /* Products */,
				70B3F0934285FB4DC1C72DC5 /* Pods */,
				52F625D25F2DDC916711151D /* Frameworks */,
			);
			sourceTree = "<group>";
		};
		D2BA8DDC1DBF3B320023F581 /* Products */ = {
			isa = PBXGroup;
			children = (
				D2BA8DDB1DBF3B320023F581 /* PharmaSupplyChain.app */,
				D2BA8DF21DBF3B320023F581 /* PharmaSupplyChainTests.xctest */,
			);
			name = Products;
			sourceTree = "<group>";
		};
		D2BA8DDD1DBF3B320023F581 /* PharmaSupplyChain */ = {
			isa = PBXGroup;
			children = (
				D2DDC9FC1DFEE6BD0057686D /* Bluetooth */,
				D2E6DEFC1DD2479700431AA1 /* CoreDataObjects */,
				D2E6DEF91DD2476E00431AA1 /* CoreData */,
				D22376461DD0B01B00877A6D /* Extensions */,
				D27786D61DC2520F007D3FB5 /* ViewControllers */,
				D28FD5A01DBF87A50077579A /* Protocols */,
				D2F126DD1DBF533100964B7D /* Server */,
				D2BA8DDE1DBF3B320023F581 /* AppDelegate.swift */,
				D28FD59B1DBF83310077579A /* Utils.swift */,
				D2BA8DE81DBF3B320023F581 /* Assets.xcassets */,
				D2BA8DE21DBF3B320023F581 /* Main.storyboard */,
				D2BA8DEA1DBF3B320023F581 /* LaunchScreen.storyboard */,
				D2BA8DED1DBF3B320023F581 /* Info.plist */,
			);
			path = PharmaSupplyChain;
			sourceTree = "<group>";
		};
		D2BA8DF51DBF3B320023F581 /* PharmaSupplyChainTests */ = {
			isa = PBXGroup;
			children = (
				D2848A8D1DD7517300BE2D95 /* Test2.sqlite */,
				D2E6DEFF1DD2480100431AA1 /* CoreDataManagerTests.swift */,
				D2BA8DF61DBF3B320023F581 /* PharmaSupplyChainTests.swift */,
				D2BA8DF81DBF3B320023F581 /* Info.plist */,
			);
			path = PharmaSupplyChainTests;
			sourceTree = "<group>";
		};
		D2DDC9FC1DFEE6BD0057686D /* Bluetooth */ = {
			isa = PBXGroup;
			children = (
				D2BCD5E41E24DB75009D2197 /* BluetoothManager.swift */,
				D22109621E3394240018F181 /* ModumSensor.swift */,
				D26012DA1E3A2AC20093EACC /* TemperatureMeasurement.swift */,
			);
			name = Bluetooth;
			sourceTree = "<group>";
		};
		D2E6DEF91DD2476E00431AA1 /* CoreData */ = {
			isa = PBXGroup;
			children = (
				D2E1EED61DD2577100B26463 /* PharmaSupplyChainDataModel.xcdatamodeld */,
				D2E6DEF71DD2466D00431AA1 /* CoreDataManager.swift */,
				D2E6DEFA1DD2477900431AA1 /* UniqueManagedObject.swift */,
			);
			name = CoreData;
			sourceTree = "<group>";
		};
		D2E6DEFC1DD2479700431AA1 /* CoreDataObjects */ = {
			isa = PBXGroup;
			children = (
				D2E1EED91DD2581500B26463 /* Parcel+CoreDataClass.swift */,
				D2E1EEDB1DD2584B00B26463 /* Parcel+CoreDataProperties.swift */,
				D2848A8F1DD755A600BE2D95 /* TestEntity+CoreDataClass.swift */,
				D2848A911DD755B200BE2D95 /* TestEntity+CoreDataProperties.swift */,
			);
			name = CoreDataObjects;
			sourceTree = "<group>";
		};
		D2F126DD1DBF533100964B7D /* Server */ = {
			isa = PBXGroup;
			children = (
				D2F126DE1DBF78AF00964B7D /* ServerManager.swift */,
				D28FD59D1DBF87190077579A /* LoginCredentials.swift */,
				D27786DA1DC259FC007D3FB5 /* AuthenticationError.swift */,
				D27786DF1DC283B5007D3FB5 /* ServerUtils.swift */,
			);
			name = Server;
			sourceTree = "<group>";
		};
/* End PBXGroup section */

/* Begin PBXNativeTarget section */
		D2BA8DDA1DBF3B320023F581 /* PharmaSupplyChain */ = {
			isa = PBXNativeTarget;
			buildConfigurationList = D2BA8DFB1DBF3B320023F581 /* Build configuration list for PBXNativeTarget "PharmaSupplyChain" */;
			buildPhases = (
				EBC7780CC6B53595CB11C36E /* [CP] Check Pods Manifest.lock */,
				D2BA8DD71DBF3B320023F581 /* Sources */,
				D2BA8DD81DBF3B320023F581 /* Frameworks */,
				D2BA8DD91DBF3B320023F581 /* Resources */,
				CD0206DE5D411F5AD5B088BA /* [CP] Embed Pods Frameworks */,
				E53D31266D144D2460F88424 /* [CP] Copy Pods Resources */,
			);
			buildRules = (
			);
			dependencies = (
			);
			name = PharmaSupplyChain;
			productName = PharmaSupplyChain;
			productReference = D2BA8DDB1DBF3B320023F581 /* PharmaSupplyChain.app */;
			productType = "com.apple.product-type.application";
		};
		D2BA8DF11DBF3B320023F581 /* PharmaSupplyChainTests */ = {
			isa = PBXNativeTarget;
			buildConfigurationList = D2BA8DFE1DBF3B320023F581 /* Build configuration list for PBXNativeTarget "PharmaSupplyChainTests" */;
			buildPhases = (
				B39B465D7F69BF8C0321C6E2 /* [CP] Check Pods Manifest.lock */,
				D2BA8DEE1DBF3B320023F581 /* Sources */,
				D2BA8DEF1DBF3B320023F581 /* Frameworks */,
				D2BA8DF01DBF3B320023F581 /* Resources */,
				EC567223F8126D7858BECEC0 /* [CP] Embed Pods Frameworks */,
				E8BBB9BE4C620655E3AEFFB1 /* [CP] Copy Pods Resources */,
			);
			buildRules = (
			);
			dependencies = (
				D2BA8DF41DBF3B320023F581 /* PBXTargetDependency */,
			);
			name = PharmaSupplyChainTests;
			productName = PharmaSupplyChainTests;
			productReference = D2BA8DF21DBF3B320023F581 /* PharmaSupplyChainTests.xctest */;
			productType = "com.apple.product-type.bundle.unit-test";
		};
/* End PBXNativeTarget section */

/* Begin PBXProject section */
		D2BA8DD31DBF3B320023F581 /* Project object */ = {
			isa = PBXProject;
			attributes = {
				LastSwiftUpdateCheck = 0800;
				LastUpgradeCheck = 0810;
				ORGANIZATIONNAME = Modum;
				TargetAttributes = {
					D2BA8DDA1DBF3B320023F581 = {
						CreatedOnToolsVersion = 8.0;
						DevelopmentTeam = JRXNTN8W4B;
						ProvisioningStyle = Manual;
					};
					D2BA8DF11DBF3B320023F581 = {
						CreatedOnToolsVersion = 8.0;
						DevelopmentTeam = 48D572G72F;
						ProvisioningStyle = Automatic;
						TestTargetID = D2BA8DDA1DBF3B320023F581;
					};
				};
			};
			buildConfigurationList = D2BA8DD61DBF3B320023F581 /* Build configuration list for PBXProject "PharmaSupplyChain" */;
			compatibilityVersion = "Xcode 3.2";
			developmentRegion = English;
			hasScannedForEncodings = 0;
			knownRegions = (
				en,
				Base,
			);
			mainGroup = D2BA8DD21DBF3B320023F581;
			productRefGroup = D2BA8DDC1DBF3B320023F581 /* Products */;
			projectDirPath = "";
			projectRoot = "";
			targets = (
				D2BA8DDA1DBF3B320023F581 /* PharmaSupplyChain */,
				D2BA8DF11DBF3B320023F581 /* PharmaSupplyChainTests */,
			);
		};
/* End PBXProject section */

/* Begin PBXResourcesBuildPhase section */
		D2BA8DD91DBF3B320023F581 /* Resources */ = {
			isa = PBXResourcesBuildPhase;
			buildActionMask = 2147483647;
			files = (
				D2BA8DEC1DBF3B320023F581 /* LaunchScreen.storyboard in Resources */,
				D2EFD2271DD2A81400E02684 /* GoogleService-Info.plist in Resources */,
				D2BA8DE91DBF3B320023F581 /* Assets.xcassets in Resources */,
				D2BA8DE41DBF3B320023F581 /* Main.storyboard in Resources */,
			);
			runOnlyForDeploymentPostprocessing = 0;
		};
		D2BA8DF01DBF3B320023F581 /* Resources */ = {
			isa = PBXResourcesBuildPhase;
			buildActionMask = 2147483647;
			files = (
				D2848A8E1DD7517300BE2D95 /* Test2.sqlite in Resources */,
			);
			runOnlyForDeploymentPostprocessing = 0;
		};
/* End PBXResourcesBuildPhase section */

/* Begin PBXShellScriptBuildPhase section */
		B39B465D7F69BF8C0321C6E2 /* [CP] Check Pods Manifest.lock */ = {
			isa = PBXShellScriptBuildPhase;
			buildActionMask = 2147483647;
			files = (
			);
			inputPaths = (
			);
			name = "[CP] Check Pods Manifest.lock";
			outputPaths = (
			);
			runOnlyForDeploymentPostprocessing = 0;
			shellPath = /bin/sh;
			shellScript = "diff \"${PODS_ROOT}/../Podfile.lock\" \"${PODS_ROOT}/Manifest.lock\" > /dev/null\nif [ $? != 0 ] ; then\n    # print error to STDERR\n    echo \"error: The sandbox is not in sync with the Podfile.lock. Run 'pod install' or update your CocoaPods installation.\" >&2\n    exit 1\nfi\n";
			showEnvVarsInLog = 0;
		};
		CD0206DE5D411F5AD5B088BA /* [CP] Embed Pods Frameworks */ = {
			isa = PBXShellScriptBuildPhase;
			buildActionMask = 2147483647;
			files = (
			);
			inputPaths = (
			);
			name = "[CP] Embed Pods Frameworks";
			outputPaths = (
			);
			runOnlyForDeploymentPostprocessing = 0;
			shellPath = /bin/sh;
			shellScript = "\"${SRCROOT}/Pods/Target Support Files/Pods-PharmaSupplyChain/Pods-PharmaSupplyChain-frameworks.sh\"\n";
			showEnvVarsInLog = 0;
		};
		E53D31266D144D2460F88424 /* [CP] Copy Pods Resources */ = {
			isa = PBXShellScriptBuildPhase;
			buildActionMask = 2147483647;
			files = (
			);
			inputPaths = (
			);
			name = "[CP] Copy Pods Resources";
			outputPaths = (
			);
			runOnlyForDeploymentPostprocessing = 0;
			shellPath = /bin/sh;
			shellScript = "\"${SRCROOT}/Pods/Target Support Files/Pods-PharmaSupplyChain/Pods-PharmaSupplyChain-resources.sh\"\n";
			showEnvVarsInLog = 0;
		};
		E8BBB9BE4C620655E3AEFFB1 /* [CP] Copy Pods Resources */ = {
			isa = PBXShellScriptBuildPhase;
			buildActionMask = 2147483647;
			files = (
			);
			inputPaths = (
			);
			name = "[CP] Copy Pods Resources";
			outputPaths = (
			);
			runOnlyForDeploymentPostprocessing = 0;
			shellPath = /bin/sh;
			shellScript = "\"${SRCROOT}/Pods/Target Support Files/Pods-PharmaSupplyChainTests/Pods-PharmaSupplyChainTests-resources.sh\"\n";
			showEnvVarsInLog = 0;
		};
		EBC7780CC6B53595CB11C36E /* [CP] Check Pods Manifest.lock */ = {
			isa = PBXShellScriptBuildPhase;
			buildActionMask = 2147483647;
			files = (
			);
			inputPaths = (
			);
			name = "[CP] Check Pods Manifest.lock";
			outputPaths = (
			);
			runOnlyForDeploymentPostprocessing = 0;
			shellPath = /bin/sh;
			shellScript = "diff \"${PODS_ROOT}/../Podfile.lock\" \"${PODS_ROOT}/Manifest.lock\" > /dev/null\nif [ $? != 0 ] ; then\n    # print error to STDERR\n    echo \"error: The sandbox is not in sync with the Podfile.lock. Run 'pod install' or update your CocoaPods installation.\" >&2\n    exit 1\nfi\n";
			showEnvVarsInLog = 0;
		};
		EC567223F8126D7858BECEC0 /* [CP] Embed Pods Frameworks */ = {
			isa = PBXShellScriptBuildPhase;
			buildActionMask = 2147483647;
			files = (
			);
			inputPaths = (
			);
			name = "[CP] Embed Pods Frameworks";
			outputPaths = (
			);
			runOnlyForDeploymentPostprocessing = 0;
			shellPath = /bin/sh;
			shellScript = "\"${SRCROOT}/Pods/Target Support Files/Pods-PharmaSupplyChainTests/Pods-PharmaSupplyChainTests-frameworks.sh\"\n";
			showEnvVarsInLog = 0;
		};
/* End PBXShellScriptBuildPhase section */

/* Begin PBXSourcesBuildPhase section */
		D2BA8DD71DBF3B320023F581 /* Sources */ = {
			isa = PBXSourcesBuildPhase;
			buildActionMask = 2147483647;
			files = (
				D2E1EEDA1DD2581500B26463 /* Parcel+CoreDataClass.swift in Sources */,
				D27786D91DC2529A007D3FB5 /* ParcelTableViewCell.swift in Sources */,
				D2BCD5E51E24DB75009D2197 /* BluetoothManager.swift in Sources */,
				D2DDC9FE1DFEE7040057686D /* SensorConnectViewController.swift in Sources */,
				D27786CF1DC2499F007D3FB5 /* LoginViewController.swift in Sources */,
				D25F4DFB1DD7DC8F00811080 /* ParcelDetailTableViewController.swift in Sources */,
				D2B5E8441E4775A30035EB31 /* UIAlertController+Extension.swift in Sources */,
				D2F126DF1DBF78AF00964B7D /* ServerManager.swift in Sources */,
				D2E6DEF81DD2466D00431AA1 /* CoreDataManager.swift in Sources */,
				D2848A901DD755A600BE2D95 /* TestEntity+CoreDataClass.swift in Sources */,
				D2E1EED81DD2577100B26463 /* PharmaSupplyChainDataModel.xcdatamodeld in Sources */,
				D28FD59C1DBF83310077579A /* Utils.swift in Sources */,
				D2E1EEDC1DD2584B00B26463 /* Parcel+CoreDataProperties.swift in Sources */,
				D27786D51DC25204007D3FB5 /* ParcelsTableViewController.swift in Sources */,
				D2E6DF0C1DD253A000431AA1 /* NSManagedObjectContext+Extension.swift in Sources */,
				D27786D31DC24B4C007D3FB5 /* CoreDataEnabledController.swift in Sources */,
				D28FD5A21DBF87B60077579A /* JSONSerializable.swift in Sources */,
				D22109631E3394240018F181 /* ModumSensor.swift in Sources */,
				D212D9DF1DEB3BCD0075C54E /* CodeScannerViewController.swift in Sources */,
				D2848A921DD755B200BE2D95 /* TestEntity+CoreDataProperties.swift in Sources */,
				D22109651E3397330018F181 /* Sequence+Extension.swift in Sources */,
				D2BA8DDF1DBF3B320023F581 /* AppDelegate.swift in Sources */,
				D27786E01DC283B5007D3FB5 /* ServerUtils.swift in Sources */,
				D27786D11DC24AD9007D3FB5 /* ServerEnabledController.swift in Sources */,
				D27786DB1DC259FC007D3FB5 /* AuthenticationError.swift in Sources */,
				D22376481DD0B02C00877A6D /* String+Extension.swift in Sources */,
				D26012D81E38FB320093EACC /* Date+Extension.swift in Sources */,
				D28FD59E1DBF87190077579A /* LoginCredentials.swift in Sources */,
				D26012DB1E3A2AC20093EACC /* TemperatureMeasurement.swift in Sources */,
				D2E6DEFB1DD2477900431AA1 /* UniqueManagedObject.swift in Sources */,
			);
			runOnlyForDeploymentPostprocessing = 0;
		};
		D2BA8DEE1DBF3B320023F581 /* Sources */ = {
			isa = PBXSourcesBuildPhase;
			buildActionMask = 2147483647;
			files = (
				D2E6DF001DD2480100431AA1 /* CoreDataManagerTests.swift in Sources */,
				D2BA8DF71DBF3B320023F581 /* PharmaSupplyChainTests.swift in Sources */,
			);
			runOnlyForDeploymentPostprocessing = 0;
		};
/* End PBXSourcesBuildPhase section */

/* Begin PBXTargetDependency section */
		D2BA8DF41DBF3B320023F581 /* PBXTargetDependency */ = {
			isa = PBXTargetDependency;
			target = D2BA8DDA1DBF3B320023F581 /* PharmaSupplyChain */;
			targetProxy = D2BA8DF31DBF3B320023F581 /* PBXContainerItemProxy */;
		};
/* End PBXTargetDependency section */

/* Begin PBXVariantGroup section */
		D2BA8DE21DBF3B320023F581 /* Main.storyboard */ = {
			isa = PBXVariantGroup;
			children = (
				D2BA8DE31DBF3B320023F581 /* Base */,
			);
			name = Main.storyboard;
			sourceTree = "<group>";
		};
		D2BA8DEA1DBF3B320023F581 /* LaunchScreen.storyboard */ = {
			isa = PBXVariantGroup;
			children = (
				D2BA8DEB1DBF3B320023F581 /* Base */,
			);
			name = LaunchScreen.storyboard;
			sourceTree = "<group>";
		};
/* End PBXVariantGroup section */

/* Begin XCBuildConfiguration section */
		D2BA8DF91DBF3B320023F581 /* Debug */ = {
			isa = XCBuildConfiguration;
			buildSettings = {
				ALWAYS_SEARCH_USER_PATHS = NO;
				CLANG_ANALYZER_NONNULL = YES;
				CLANG_CXX_LANGUAGE_STANDARD = "gnu++0x";
				CLANG_CXX_LIBRARY = "libc++";
				CLANG_ENABLE_MODULES = YES;
				CLANG_ENABLE_OBJC_ARC = YES;
				CLANG_WARN_BOOL_CONVERSION = YES;
				CLANG_WARN_CONSTANT_CONVERSION = YES;
				CLANG_WARN_DIRECT_OBJC_ISA_USAGE = YES_ERROR;
				CLANG_WARN_DOCUMENTATION_COMMENTS = YES;
				CLANG_WARN_EMPTY_BODY = YES;
				CLANG_WARN_ENUM_CONVERSION = YES;
				CLANG_WARN_INFINITE_RECURSION = YES;
				CLANG_WARN_INT_CONVERSION = YES;
				CLANG_WARN_OBJC_ROOT_CLASS = YES_ERROR;
				CLANG_WARN_SUSPICIOUS_MOVE = YES;
				CLANG_WARN_SUSPICIOUS_MOVES = YES;
				CLANG_WARN_UNREACHABLE_CODE = YES;
				CLANG_WARN__DUPLICATE_METHOD_MATCH = YES;
				"CODE_SIGN_IDENTITY[sdk=iphoneos*]" = "iPhone Developer";
				COPY_PHASE_STRIP = NO;
				DEBUG_INFORMATION_FORMAT = dwarf;
				ENABLE_STRICT_OBJC_MSGSEND = YES;
				ENABLE_TESTABILITY = YES;
				GCC_C_LANGUAGE_STANDARD = gnu99;
				GCC_DYNAMIC_NO_PIC = NO;
				GCC_NO_COMMON_BLOCKS = YES;
				GCC_OPTIMIZATION_LEVEL = 0;
				GCC_PREPROCESSOR_DEFINITIONS = (
					"DEBUG=1",
					"$(inherited)",
				);
				GCC_WARN_64_TO_32_BIT_CONVERSION = YES;
				GCC_WARN_ABOUT_RETURN_TYPE = YES_ERROR;
				GCC_WARN_UNDECLARED_SELECTOR = YES;
				GCC_WARN_UNINITIALIZED_AUTOS = YES_AGGRESSIVE;
				GCC_WARN_UNUSED_FUNCTION = YES;
				GCC_WARN_UNUSED_VARIABLE = YES;
				IPHONEOS_DEPLOYMENT_TARGET = 10.0;
				MTL_ENABLE_DEBUG_INFO = YES;
				ONLY_ACTIVE_ARCH = YES;
				SDKROOT = iphoneos;
				SWIFT_ACTIVE_COMPILATION_CONDITIONS = DEBUG;
				SWIFT_OPTIMIZATION_LEVEL = "-Onone";
			};
			name = Debug;
		};
		D2BA8DFA1DBF3B320023F581 /* Release */ = {
			isa = XCBuildConfiguration;
			buildSettings = {
				ALWAYS_SEARCH_USER_PATHS = NO;
				CLANG_ANALYZER_NONNULL = YES;
				CLANG_CXX_LANGUAGE_STANDARD = "gnu++0x";
				CLANG_CXX_LIBRARY = "libc++";
				CLANG_ENABLE_MODULES = YES;
				CLANG_ENABLE_OBJC_ARC = YES;
				CLANG_WARN_BOOL_CONVERSION = YES;
				CLANG_WARN_CONSTANT_CONVERSION = YES;
				CLANG_WARN_DIRECT_OBJC_ISA_USAGE = YES_ERROR;
				CLANG_WARN_DOCUMENTATION_COMMENTS = YES;
				CLANG_WARN_EMPTY_BODY = YES;
				CLANG_WARN_ENUM_CONVERSION = YES;
				CLANG_WARN_INFINITE_RECURSION = YES;
				CLANG_WARN_INT_CONVERSION = YES;
				CLANG_WARN_OBJC_ROOT_CLASS = YES_ERROR;
				CLANG_WARN_SUSPICIOUS_MOVE = YES;
				CLANG_WARN_SUSPICIOUS_MOVES = YES;
				CLANG_WARN_UNREACHABLE_CODE = YES;
				CLANG_WARN__DUPLICATE_METHOD_MATCH = YES;
				"CODE_SIGN_IDENTITY[sdk=iphoneos*]" = "iPhone Developer";
				COPY_PHASE_STRIP = NO;
				DEBUG_INFORMATION_FORMAT = "dwarf-with-dsym";
				ENABLE_NS_ASSERTIONS = NO;
				ENABLE_STRICT_OBJC_MSGSEND = YES;
				GCC_C_LANGUAGE_STANDARD = gnu99;
				GCC_NO_COMMON_BLOCKS = YES;
				GCC_WARN_64_TO_32_BIT_CONVERSION = YES;
				GCC_WARN_ABOUT_RETURN_TYPE = YES_ERROR;
				GCC_WARN_UNDECLARED_SELECTOR = YES;
				GCC_WARN_UNINITIALIZED_AUTOS = YES_AGGRESSIVE;
				GCC_WARN_UNUSED_FUNCTION = YES;
				GCC_WARN_UNUSED_VARIABLE = YES;
				IPHONEOS_DEPLOYMENT_TARGET = 10.0;
				MTL_ENABLE_DEBUG_INFO = NO;
				SDKROOT = iphoneos;
				SWIFT_OPTIMIZATION_LEVEL = "-Owholemodule";
				VALIDATE_PRODUCT = YES;
			};
			name = Release;
		};
		D2BA8DFC1DBF3B320023F581 /* Debug */ = {
			isa = XCBuildConfiguration;
			baseConfigurationReference = 7410104D999D1176E158685C /* Pods-PharmaSupplyChain.debug.xcconfig */;
			buildSettings = {
				ALWAYS_EMBED_SWIFT_STANDARD_LIBRARIES = "$(inherited)";
				ASSETCATALOG_COMPILER_APPICON_NAME = AppIcon;
				CODE_SIGN_IDENTITY = "iPhone Developer";
				"CODE_SIGN_IDENTITY[sdk=iphoneos*]" = "iPhone Developer";
				DEVELOPMENT_TEAM = JRXNTN8W4B;
				INFOPLIST_FILE = PharmaSupplyChain/Info.plist;
				LD_RUNPATH_SEARCH_PATHS = "$(inherited) @executable_path/Frameworks";
				PRODUCT_BUNDLE_IDENTIFIER = modum.io.iosclient;
				PRODUCT_NAME = "$(TARGET_NAME)";
				PROVISIONING_PROFILE = "d8d3aa7c-f246-4a34-b954-b5c4fff7e4f4";
				PROVISIONING_PROFILE_SPECIFIER = modum.io.iOSdevelopment;
				SWIFT_OBJC_BRIDGING_HEADER = "";
				SWIFT_VERSION = 3.0;
				USER_HEADER_SEARCH_PATHS = "$(SRCROOT)/Pods/GoogleAnalytics-iOS-SDK/**";
			};
			name = Debug;
		};
		D2BA8DFD1DBF3B320023F581 /* Release */ = {
			isa = XCBuildConfiguration;
			baseConfigurationReference = 45FD987DACF708B5A415DD50 /* Pods-PharmaSupplyChain.release.xcconfig */;
			buildSettings = {
				ALWAYS_EMBED_SWIFT_STANDARD_LIBRARIES = "$(inherited)";
				ASSETCATALOG_COMPILER_APPICON_NAME = AppIcon;
				CODE_SIGN_IDENTITY = "iPhone Developer";
				"CODE_SIGN_IDENTITY[sdk=iphoneos*]" = "iPhone Developer";
				DEVELOPMENT_TEAM = JRXNTN8W4B;
				INFOPLIST_FILE = PharmaSupplyChain/Info.plist;
				LD_RUNPATH_SEARCH_PATHS = "$(inherited) @executable_path/Frameworks";
				PRODUCT_BUNDLE_IDENTIFIER = modum.io.iosclient;
				PRODUCT_NAME = "$(TARGET_NAME)";
				PROVISIONING_PROFILE = "d8d3aa7c-f246-4a34-b954-b5c4fff7e4f4";
				PROVISIONING_PROFILE_SPECIFIER = modum.io.iOSdevelopment;
				SWIFT_OBJC_BRIDGING_HEADER = "";
				SWIFT_VERSION = 3.0;
				USER_HEADER_SEARCH_PATHS = "$(SRCROOT)/Pods/GoogleAnalytics-iOS-SDK/**";
			};
			name = Release;
		};
		D2BA8DFF1DBF3B320023F581 /* Debug */ = {
			isa = XCBuildConfiguration;
			baseConfigurationReference = 5A0D2782D1AAC38AD4D6560D /* Pods-PharmaSupplyChainTests.debug.xcconfig */;
			buildSettings = {
				ALWAYS_EMBED_SWIFT_STANDARD_LIBRARIES = "$(inherited)";
				BUNDLE_LOADER = "$(TEST_HOST)";
				DEVELOPMENT_TEAM = 48D572G72F;
				HEADER_SEARCH_PATHS = (
					"${PODS_ROOT}/Google/Headers",
					"$(inherited)",
					"\"${PODS_ROOT}/Headers/Public/\"",
					"\"${PODS_ROOT}/Headers/Public/FirebaseCore\"",
					"\"${PODS_ROOT}/Headers/Public/FirebaseAnalytics\"",
					"\"${PODS_ROOT}/Headers/Public/FirebaseInstanceID\"",
					"\"${PODS_ROOT}/Headers/Public/GoogleAnalytics\"",
					"\"${PODS_ROOT}/Headers/Public/Google\"",
					"\"${PODS_ROOT}/Headers/Public/GoogleInterchangeUtilities\"",
					"\"${PODS_ROOT}/Headers/Public/GoogleSymbolUtilities\"",
				);
				INFOPLIST_FILE = PharmaSupplyChainTests/Info.plist;
				LD_RUNPATH_SEARCH_PATHS = "$(inherited) @executable_path/Frameworks @loader_path/Frameworks";
				PRODUCT_BUNDLE_IDENTIFIER = modum.io.PharmaSupplyChainTests;
				PRODUCT_NAME = "$(TARGET_NAME)";
				SWIFT_OBJC_BRIDGING_HEADER = PharmaSupplyChain/PharmaSupplyChain_Bridging_Header.h;
				SWIFT_VERSION = 3.0;
				TEST_HOST = "$(BUILT_PRODUCTS_DIR)/PharmaSupplyChain.app/PharmaSupplyChain";
			};
			name = Debug;
		};
		D2BA8E001DBF3B320023F581 /* Release */ = {
			isa = XCBuildConfiguration;
			baseConfigurationReference = D6934B7AFD929DDAC4C1BC93 /* Pods-PharmaSupplyChainTests.release.xcconfig */;
			buildSettings = {
				ALWAYS_EMBED_SWIFT_STANDARD_LIBRARIES = "$(inherited)";
				BUNDLE_LOADER = "$(TEST_HOST)";
				DEVELOPMENT_TEAM = 48D572G72F;
				HEADER_SEARCH_PATHS = (
					"${PODS_ROOT}/Google/Headers",
					"$(inherited)",
					"\"${PODS_ROOT}/Headers/Public/\"",
					"\"${PODS_ROOT}/Headers/Public/FirebaseCore\"",
					"\"${PODS_ROOT}/Headers/Public/FirebaseAnalytics\"",
					"\"${PODS_ROOT}/Headers/Public/FirebaseInstanceID\"",
					"\"${PODS_ROOT}/Headers/Public/GoogleAnalytics\"",
					"\"${PODS_ROOT}/Headers/Public/Google\"",
					"\"${PODS_ROOT}/Headers/Public/GoogleInterchangeUtilities\"",
					"\"${PODS_ROOT}/Headers/Public/GoogleSymbolUtilities\"",
				);
				INFOPLIST_FILE = PharmaSupplyChainTests/Info.plist;
				LD_RUNPATH_SEARCH_PATHS = "$(inherited) @executable_path/Frameworks @loader_path/Frameworks";
				PRODUCT_BUNDLE_IDENTIFIER = modum.io.PharmaSupplyChainTests;
				PRODUCT_NAME = "$(TARGET_NAME)";
				SWIFT_OBJC_BRIDGING_HEADER = PharmaSupplyChain/PharmaSupplyChain_Bridging_Header.h;
				SWIFT_VERSION = 3.0;
				TEST_HOST = "$(BUILT_PRODUCTS_DIR)/PharmaSupplyChain.app/PharmaSupplyChain";
			};
			name = Release;
		};
/* End XCBuildConfiguration section */

/* Begin XCConfigurationList section */
		D2BA8DD61DBF3B320023F581 /* Build configuration list for PBXProject "PharmaSupplyChain" */ = {
			isa = XCConfigurationList;
			buildConfigurations = (
				D2BA8DF91DBF3B320023F581 /* Debug */,
				D2BA8DFA1DBF3B320023F581 /* Release */,
			);
			defaultConfigurationIsVisible = 0;
			defaultConfigurationName = Release;
		};
		D2BA8DFB1DBF3B320023F581 /* Build configuration list for PBXNativeTarget "PharmaSupplyChain" */ = {
			isa = XCConfigurationList;
			buildConfigurations = (
				D2BA8DFC1DBF3B320023F581 /* Debug */,
				D2BA8DFD1DBF3B320023F581 /* Release */,
			);
			defaultConfigurationIsVisible = 0;
			defaultConfigurationName = Release;
		};
		D2BA8DFE1DBF3B320023F581 /* Build configuration list for PBXNativeTarget "PharmaSupplyChainTests" */ = {
			isa = XCConfigurationList;
			buildConfigurations = (
				D2BA8DFF1DBF3B320023F581 /* Debug */,
				D2BA8E001DBF3B320023F581 /* Release */,
			);
			defaultConfigurationIsVisible = 0;
			defaultConfigurationName = Release;
		};
/* End XCConfigurationList section */

/* Begin XCVersionGroup section */
		D2E1EED61DD2577100B26463 /* PharmaSupplyChainDataModel.xcdatamodeld */ = {
			isa = XCVersionGroup;
			children = (
				D2E1EED71DD2577100B26463 /* PharmaSupplyChainDataModel.xcdatamodel */,
			);
			currentVersion = D2E1EED71DD2577100B26463 /* PharmaSupplyChainDataModel.xcdatamodel */;
			path = PharmaSupplyChainDataModel.xcdatamodeld;
			sourceTree = SOURCE_ROOT;
			versionGroupType = wrapper.xcdatamodel;
		};
/* End XCVersionGroup section */
	};
	rootObject = D2BA8DD31DBF3B320023F581 /* Project object */;
}
