PODS:
  - Alamofire (4.0.1)
  - AlamofireObjectMapper (4.0.0):
    - Alamofire (~> 4.0)
    - ObjectMapper (~> 2.0)
  - Charts (3.0.1):
    - Charts/Core (= 3.0.1)
  - Charts/Core (3.0.1)
  - Firebase/Core (3.9.0):
    - FirebaseAnalytics (= 3.5.1)
    - FirebaseCore (= 3.4.4)
  - FirebaseAnalytics (3.5.1):
    - FirebaseCore (~> 3.4)
    - FirebaseInstanceID (~> 1.0)
    - GoogleInterchangeUtilities (~> 1.2)
    - GoogleSymbolUtilities (~> 1.1)
    - GoogleToolboxForMac/NSData+zlib (~> 2.1)
  - FirebaseCore (3.4.4):
    - GoogleInterchangeUtilities (~> 1.2)
    - GoogleToolboxForMac/NSData+zlib (~> 2.1)
  - FirebaseInstanceID (1.0.8)
  - FoldingCell (2.0.3)
  - GoogleInterchangeUtilities (1.2.2):
    - GoogleSymbolUtilities (~> 1.1)
  - GoogleSymbolUtilities (1.1.2)
  - GoogleToolboxForMac/Defines (2.1.0)
  - GoogleToolboxForMac/NSData+zlib (2.1.0):
    - GoogleToolboxForMac/Defines (= 2.1.0)
  - ObjectMapper (2.2.3)
  - ReachabilitySwift (3)
  - Spring (1.0.3)
  - SwiftyJSON (3.1.1)
  - UXCam (2.5.8)

DEPENDENCIES:
  - Alamofire
  - AlamofireObjectMapper
  - Charts
  - Firebase/Core
  - FoldingCell
  - ObjectMapper
  - ReachabilitySwift (~> 3)
  - Spring (from `https://github.com/MengTo/Spring.git`, branch `swift3`)
  - SwiftyJSON
  - UXCam

EXTERNAL SOURCES:
  Spring:
    :branch: swift3
    :git: https://github.com/MengTo/Spring.git

CHECKOUT OPTIONS:
  Spring:
    :commit: 3a9227c6e9157e7b47f5ac1ee5abab2a56b50002
    :git: https://github.com/MengTo/Spring.git

SPEC CHECKSUMS:
  Alamofire: 7682d43245de14874acd142ec137b144aa1dd335
  AlamofireObjectMapper: 9faa3ce5a240efda1b209009a2d6e1e949227abc
  Charts: 0e84f4418e87dad6a9edde221fba37ebb51d3ba7
  Firebase: ff77ffb77b317c3720fef57a60e9335cebf962e6
  FirebaseAnalytics: 6e58fc9b397664369ac7617fb0ba93fab6ba7b5b
  FirebaseCore: d0ed25f27b6f9158eccc439f1be6f92e81207e28
  FirebaseInstanceID: ba1e640935235e5fac39dfa816fe7660e72e1a8a
  FoldingCell: 2f3113051609167776743415fc00ed877ac6d62c
  GoogleInterchangeUtilities: d5bc4d88d5b661ab72f9d70c58d02ca8c27ad1f7
  GoogleSymbolUtilities: 631ee17048aa5e9ab133470d768ea997a5ef9b96
  GoogleToolboxForMac: 2b2596cbb7186865e98cadf2b1e262d851c2b168
  ObjectMapper: d3b3de11267f5d971f390eb8d63dd509116a4329
  ReachabilitySwift: f5b9bb30a0777fac8f09ce8b067e32faeb29bb64
  Spring: 3f02b5dc3308572ef177b3cad0fa7bbc4b0706f7
  SwiftyJSON: f0be2e604f83e8405a624e9f891898bf6ed4e019
  UXCam: 76cb857694b8f1776998028de985d737b6852bce

PODFILE CHECKSUM: 14e091aa5f53f79bc44d4d44bde75cf197fac0fd

COCOAPODS: 1.2.0.beta.3
